
Microsoft Visual Studio Solution File, Format Version 12.00
# Visual Studio Version 17
VisualStudioVersion = 17.14.37027.9 d17.14
MinimumVisualStudioVersion = 10.0.40219.1
Project("{FAE04EC0-301F-11D3-BF4B-00C04F79EFBC}") = "XbrlProcessor", "XbrlProcessor\XbrlProcessor.csproj", "{2C883360-9975-7261-AEE1-2D1BE194B8E1}"
EndProject
Global
	GlobalSection(SolutionConfigurationPlatforms) = preSolution
		Debug|Any CPU = Debug|Any CPU
		Release|Any CPU = Release|Any CPU
	EndGlobalSection
	GlobalSection(ProjectConfigurationPlatforms) = postSolution
		{2C883360-9975-7261-AEE1-2D1BE194B8E1}.Debug|Any CPU.ActiveCfg = Debug|Any CPU
		{2C883360-9975-7261-AEE1-2D1BE194B8E1}.Debug|Any CPU.Build.0 = Debug|Any CPU
		{2C883360-9975-7261-AEE1-2D1BE194B8E1}.Release|Any CPU.ActiveCfg = Release|Any CPU
		{2C883360-9975-7261-AEE1-2D1BE194B8E1}.Release|Any CPU.Build.0 = Release|Any CPU
	EndGlobalSection
	GlobalSection(SolutionProperties) = preSolution
		HideSolutionNode = FALSE
	EndGlobalSection
	GlobalSection(ExtensibilityGlobals) = postSolution
		SolutionGuid = {E3994C37-1BFA-4DAA-B81F-9A82A1201B75}
	EndGlobalSection
EndGlobal
